
Microsoft Visual Studio Solution File, Format Version 11.00
# Visual Studio 2010
Project("{FAE04EC0-301F-11D3-BF4B-00C04F79EFBC}") = "Research.DataAccess.Northwind", "Research.DataAccess.Northwind\Research.DataAccess.Northwind.csproj", "{7A11C1F2-3458-41D5-93A1-95D40619852D}"
EndProject
Project("{FAE04EC0-301F-11D3-BF4B-00C04F79EFBC}") = "Research.Services", "Research.Services\Research.Services.csproj", "{1005A932-3937-47D5-9389-C846B2745F12}"
EndProject
Project("{FAE04EC0-301F-11D3-BF4B-00C04F79EFBC}") = "Research.ConsoleApplication", "Research.ConsoleApplication\Research.ConsoleApplication.csproj", "{C82EAA7F-4D9B-4C30-9500-C68D65BCA8D8}"
EndProject
Project("{FAE04EC0-301F-11D3-BF4B-00C04F79EFBC}") = "Research.Tests", "Research.Tests\Research.Tests.csproj", "{3CC68DE8-7BF3-4C16-9192-C5F88BA15BAD}"
EndProject
Project("{FAE04EC0-301F-11D3-BF4B-00C04F79EFBC}") = "Research.Core", "Research.Core\Research.Core.csproj", "{2BBF9DB9-C7FD-49E2-AF47-FE232BFAB66B}"
EndProject
Project("{FAE04EC0-301F-11D3-BF4B-00C04F79EFBC}") = "Research.WebApplication", "Research.WebApplication\Research.WebApplication.csproj", "{8CB03D37-4D2B-4909-82EF-C4649DFA28F3}"
EndProject
Project("{FAE04EC0-301F-11D3-BF4B-00C04F79EFBC}") = "Research.Core.Web", "Research.Core.Web\Research.Core.Web.csproj", "{F4B958CF-7EA1-4002-960C-8B4F759703C7}"
EndProject
Global
	GlobalSection(SolutionConfigurationPlatforms) = preSolution
		Debug|Any CPU = Debug|Any CPU
		Debug|Mixed Platforms = Debug|Mixed Platforms
		Debug|x86 = Debug|x86
		Release|Any CPU = Release|Any CPU
		Release|Mixed Platforms = Release|Mixed Platforms
		Release|x86 = Release|x86
	EndGlobalSection
	GlobalSection(ProjectConfigurationPlatforms) = postSolution
		{7A11C1F2-3458-41D5-93A1-95D40619852D}.Debug|Any CPU.ActiveCfg = Debug|Any CPU
		{7A11C1F2-3458-41D5-93A1-95D40619852D}.Debug|Any CPU.Build.0 = Debug|Any CPU
		{7A11C1F2-3458-41D5-93A1-95D40619852D}.Debug|Mixed Platforms.ActiveCfg = Debug|Any CPU
		{7A11C1F2-3458-41D5-93A1-95D40619852D}.Debug|Mixed Platforms.Build.0 = Debug|Any CPU
		{7A11C1F2-3458-41D5-93A1-95D40619852D}.Debug|x86.ActiveCfg = Debug|Any CPU
		{7A11C1F2-3458-41D5-93A1-95D40619852D}.Release|Any CPU.ActiveCfg = Release|Any CPU
		{7A11C1F2-3458-41D5-93A1-95D40619852D}.Release|Any CPU.Build.0 = Release|Any CPU
		{7A11C1F2-3458-41D5-93A1-95D40619852D}.Release|Mixed Platforms.ActiveCfg = Release|Any CPU
		{7A11C1F2-3458-41D5-93A1-95D40619852D}.Release|Mixed Platforms.Build.0 = Release|Any CPU
		{7A11C1F2-3458-41D5-93A1-95D40619852D}.Release|x86.ActiveCfg = Release|Any CPU
		{1005A932-3937-47D5-9389-C846B2745F12}.Debug|Any CPU.ActiveCfg = Debug|Any CPU
		{1005A932-3937-47D5-9389-C846B2745F12}.Debug|Any CPU.Build.0 = Debug|Any CPU
		{1005A932-3937-47D5-9389-C846B2745F12}.Debug|Mixed Platforms.ActiveCfg = Debug|Any CPU
		{1005A932-3937-47D5-9389-C846B2745F12}.Debug|Mixed Platforms.Build.0 = Debug|Any CPU
		{1005A932-3937-47D5-9389-C846B2745F12}.Debug|x86.ActiveCfg = Debug|Any CPU
		{1005A932-3937-47D5-9389-C846B2745F12}.Release|Any CPU.ActiveCfg = Release|Any CPU
		{1005A932-3937-47D5-9389-C846B2745F12}.Release|Any CPU.Build.0 = Release|Any CPU
		{1005A932-3937-47D5-9389-C846B2745F12}.Release|Mixed Platforms.ActiveCfg = Release|Any CPU
		{1005A932-3937-47D5-9389-C846B2745F12}.Release|Mixed Platforms.Build.0 = Release|Any CPU
		{1005A932-3937-47D5-9389-C846B2745F12}.Release|x86.ActiveCfg = Release|Any CPU
		{C82EAA7F-4D9B-4C30-9500-C68D65BCA8D8}.Debug|Any CPU.ActiveCfg = Debug|x86
		{C82EAA7F-4D9B-4C30-9500-C68D65BCA8D8}.Debug|Mixed Platforms.ActiveCfg = Debug|x86
		{C82EAA7F-4D9B-4C30-9500-C68D65BCA8D8}.Debug|Mixed Platforms.Build.0 = Debug|x86
		{C82EAA7F-4D9B-4C30-9500-C68D65BCA8D8}.Debug|x86.ActiveCfg = Debug|x86
		{C82EAA7F-4D9B-4C30-9500-C68D65BCA8D8}.Debug|x86.Build.0 = Debug|x86
		{C82EAA7F-4D9B-4C30-9500-C68D65BCA8D8}.Release|Any CPU.ActiveCfg = Release|x86
		{C82EAA7F-4D9B-4C30-9500-C68D65BCA8D8}.Release|Mixed Platforms.ActiveCfg = Release|x86
		{C82EAA7F-4D9B-4C30-9500-C68D65BCA8D8}.Release|Mixed Platforms.Build.0 = Release|x86
		{C82EAA7F-4D9B-4C30-9500-C68D65BCA8D8}.Release|x86.ActiveCfg = Release|x86
		{C82EAA7F-4D9B-4C30-9500-C68D65BCA8D8}.Release|x86.Build.0 = Release|x86
		{3CC68DE8-7BF3-4C16-9192-C5F88BA15BAD}.Debug|Any CPU.ActiveCfg = Debug|Any CPU
		{3CC68DE8-7BF3-4C16-9192-C5F88BA15BAD}.Debug|Any CPU.Build.0 = Debug|Any CPU
		{3CC68DE8-7BF3-4C16-9192-C5F88BA15BAD}.Debug|Mixed Platforms.ActiveCfg = Debug|Any CPU
		{3CC68DE8-7BF3-4C16-9192-C5F88BA15BAD}.Debug|Mixed Platforms.Build.0 = Debug|Any CPU
		{3CC68DE8-7BF3-4C16-9192-C5F88BA15BAD}.Debug|x86.ActiveCfg = Debug|Any CPU
		{3CC68DE8-7BF3-4C16-9192-C5F88BA15BAD}.Release|Any CPU.ActiveCfg = Release|Any CPU
		{3CC68DE8-7BF3-4C16-9192-C5F88BA15BAD}.Release|Any CPU.Build.0 = Release|Any CPU
		{3CC68DE8-7BF3-4C16-9192-C5F88BA15BAD}.Release|Mixed Platforms.ActiveCfg = Release|Any CPU
		{3CC68DE8-7BF3-4C16-9192-C5F88BA15BAD}.Release|Mixed Platforms.Build.0 = Release|Any CPU
		{3CC68DE8-7BF3-4C16-9192-C5F88BA15BAD}.Release|x86.ActiveCfg = Release|Any CPU
		{2BBF9DB9-C7FD-49E2-AF47-FE232BFAB66B}.Debug|Any CPU.ActiveCfg = Debug|Any CPU
		{2BBF9DB9-C7FD-49E2-AF47-FE232BFAB66B}.Debug|Any CPU.Build.0 = Debug|Any CPU
		{2BBF9DB9-C7FD-49E2-AF47-FE232BFAB66B}.Debug|Mixed Platforms.ActiveCfg = Debug|Any CPU
		{2BBF9DB9-C7FD-49E2-AF47-FE232BFAB66B}.Debug|Mixed Platforms.Build.0 = Debug|Any CPU
		{2BBF9DB9-C7FD-49E2-AF47-FE232BFAB66B}.Debug|x86.ActiveCfg = Debug|Any CPU
		{2BBF9DB9-C7FD-49E2-AF47-FE232BFAB66B}.Release|Any CPU.ActiveCfg = Release|Any CPU
		{2BBF9DB9-C7FD-49E2-AF47-FE232BFAB66B}.Release|Any CPU.Build.0 = Release|Any CPU
		{2BBF9DB9-C7FD-49E2-AF47-FE232BFAB66B}.Release|Mixed Platforms.ActiveCfg = Release|Any CPU
		{2BBF9DB9-C7FD-49E2-AF47-FE232BFAB66B}.Release|Mixed Platforms.Build.0 = Release|Any CPU
		{2BBF9DB9-C7FD-49E2-AF47-FE232BFAB66B}.Release|x86.ActiveCfg = Release|Any CPU
		{8CB03D37-4D2B-4909-82EF-C4649DFA28F3}.Debug|Any CPU.ActiveCfg = Debug|Any CPU
		{8CB03D37-4D2B-4909-82EF-C4649DFA28F3}.Debug|Any CPU.Build.0 = Debug|Any CPU
		{8CB03D37-4D2B-4909-82EF-C4649DFA28F3}.Debug|Mixed Platforms.ActiveCfg = Debug|Any CPU
		{8CB03D37-4D2B-4909-82EF-C4649DFA28F3}.Debug|Mixed Platforms.Build.0 = Debug|Any CPU
		{8CB03D37-4D2B-4909-82EF-C4649DFA28F3}.Debug|x86.ActiveCfg = Debug|Any CPU
		{8CB03D37-4D2B-4909-82EF-C4649DFA28F3}.Release|Any CPU.ActiveCfg = Release|Any CPU
		{8CB03D37-4D2B-4909-82EF-C4649DFA28F3}.Release|Any CPU.Build.0 = Release|Any CPU
		{8CB03D37-4D2B-4909-82EF-C4649DFA28F3}.Release|Mixed Platforms.ActiveCfg = Release|Any CPU
		{8CB03D37-4D2B-4909-82EF-C4649DFA28F3}.Release|Mixed Platforms.Build.0 = Release|Any CPU
		{8CB03D37-4D2B-4909-82EF-C4649DFA28F3}.Release|x86.ActiveCfg = Release|Any CPU
		{F4B958CF-7EA1-4002-960C-8B4F759703C7}.Debug|Any CPU.ActiveCfg = Debug|Any CPU
		{F4B958CF-7EA1-4002-960C-8B4F759703C7}.Debug|Any CPU.Build.0 = Debug|Any CPU
		{F4B958CF-7EA1-4002-960C-8B4F759703C7}.Debug|Mixed Platforms.ActiveCfg = Debug|Any CPU
		{F4B958CF-7EA1-4002-960C-8B4F759703C7}.Debug|Mixed Platforms.Build.0 = Debug|Any CPU
		{F4B958CF-7EA1-4002-960C-8B4F759703C7}.Debug|x86.ActiveCfg = Debug|Any CPU
		{F4B958CF-7EA1-4002-960C-8B4F759703C7}.Release|Any CPU.ActiveCfg = Release|Any CPU
		{F4B958CF-7EA1-4002-960C-8B4F759703C7}.Release|Any CPU.Build.0 = Release|Any CPU
		{F4B958CF-7EA1-4002-960C-8B4F759703C7}.Release|Mixed Platforms.ActiveCfg = Release|Any CPU
		{F4B958CF-7EA1-4002-960C-8B4F759703C7}.Release|Mixed Platforms.Build.0 = Release|Any CPU
		{F4B958CF-7EA1-4002-960C-8B4F759703C7}.Release|x86.ActiveCfg = Release|Any CPU
	EndGlobalSection
	GlobalSection(SolutionProperties) = preSolution
		HideSolutionNode = FALSE
	EndGlobalSection
EndGlobal
